// !$*UTF8*$!
{
	archiveVersion = 1;
	classes = {
	};
	objectVersion = 46;
	objects = {

/* Begin PBXBuildFile section */
		840093671A889F3000DEB4A8 /* Describe@3x.png in Resources */ = {isa = PBXBuildFile; fileRef = 840093651A889F3000DEB4A8 /* Describe@3x.png */; };
		840093681A889F3000DEB4A8 /* Theme@3x.png in Resources */ = {isa = PBXBuildFile; fileRef = 840093661A889F3000DEB4A8 /* Theme@3x.png */; };
		8400936B1A88BA5600DEB4A8 /* ESSnapshootFeedbackViewController.m in Sources */ = {isa = PBXBuildFile; fileRef = 8400936A1A88BA5600DEB4A8 /* ESSnapshootFeedbackViewController.m */; };
		8405D5CC1A75F35500C7E3E9 /* ESCameraChoseTabView.m in Sources */ = {isa = PBXBuildFile; fileRef = 8405D5CB1A75F35500C7E3E9 /* ESCameraChoseTabView.m */; };
		840BECC41A81ED7400320C5D /* AFHTTPClient.m in Sources */ = {isa = PBXBuildFile; fileRef = 840BECB21A81ED7400320C5D /* AFHTTPClient.m */; };
		840BECC51A81ED7400320C5D /* AFHTTPRequestOperation.m in Sources */ = {isa = PBXBuildFile; fileRef = 840BECB41A81ED7400320C5D /* AFHTTPRequestOperation.m */; };
		840BECC61A81ED7400320C5D /* AFImageRequestOperation.m in Sources */ = {isa = PBXBuildFile; fileRef = 840BECB61A81ED7400320C5D /* AFImageRequestOperation.m */; };
		840BECC71A81ED7400320C5D /* AFJSONRequestOperation.m in Sources */ = {isa = PBXBuildFile; fileRef = 840BECB81A81ED7400320C5D /* AFJSONRequestOperation.m */; };
		840BECC81A81ED7400320C5D /* AFNetworkActivityIndicatorManager.m in Sources */ = {isa = PBXBuildFile; fileRef = 840BECBA1A81ED7400320C5D /* AFNetworkActivityIndicatorManager.m */; };
		840BECC91A81ED7400320C5D /* AFPropertyListRequestOperation.m in Sources */ = {isa = PBXBuildFile; fileRef = 840BECBD1A81ED7400320C5D /* AFPropertyListRequestOperation.m */; };
		840BECCA1A81ED7400320C5D /* AFURLConnectionOperation.m in Sources */ = {isa = PBXBuildFile; fileRef = 840BECBF1A81ED7400320C5D /* AFURLConnectionOperation.m */; };
		840BECCB1A81ED7400320C5D /* AFXMLRequestOperation.m in Sources */ = {isa = PBXBuildFile; fileRef = 840BECC11A81ED7400320C5D /* AFXMLRequestOperation.m */; };
		840BECCC1A81ED7400320C5D /* UIImageView+AFNetworking.m in Sources */ = {isa = PBXBuildFile; fileRef = 840BECC31A81ED7400320C5D /* UIImageView+AFNetworking.m */; };
		8433245B1A79E428006CE1BB /* backBtn@3x.png in Resources */ = {isa = PBXBuildFile; fileRef = 8433245A1A79E428006CE1BB /* backBtn@3x.png */; };
		8433245E1A79FF52006CE1BB /* ESCameraMultiPicScanViewController.m in Sources */ = {isa = PBXBuildFile; fileRef = 8433245D1A79FF52006CE1BB /* ESCameraMultiPicScanViewController.m */; };
		8436A8411A8B106A00D81E1A /* ESNetworkClient.m in Sources */ = {isa = PBXBuildFile; fileRef = 8436A8401A8B106A00D81E1A /* ESNetworkClient.m */; };
		8436A8461A8B10BD00D81E1A /* GTMBase64.m in Sources */ = {isa = PBXBuildFile; fileRef = 8436A8441A8B10BD00D81E1A /* GTMBase64.m */; };
		843F144C1AA6F2AE00AAA76D /* SnapshootList@3x.png in Resources */ = {isa = PBXBuildFile; fileRef = 843F144B1AA6F2AE00AAA76D /* SnapshootList@3x.png */; };
		8449005C1A77752400EB150B /* ESImageUtil.m in Sources */ = {isa = PBXBuildFile; fileRef = 8449005B1A77752400EB150B /* ESImageUtil.m */; };
		8449005F1A777E3C00EB150B /* photoLibraryBtn@3x.png in Resources */ = {isa = PBXBuildFile; fileRef = 8449005D1A777E3C00EB150B /* photoLibraryBtn@3x.png */; };
		844900601A777E3C00EB150B /* snapshootBtn@3x.png in Resources */ = {isa = PBXBuildFile; fileRef = 8449005E1A777E3C00EB150B /* snapshootBtn@3x.png */; };
		844A37A41A7DE0C300CACD25 /* camera@3x.png in Resources */ = {isa = PBXBuildFile; fileRef = 844A37A31A7DE0C300CACD25 /* camera@3x.png */; };
		84550D961A6E0F1E00C1B6F1 /* main.m in Sources */ = {isa = PBXBuildFile; fileRef = 84550D951A6E0F1E00C1B6F1 /* main.m */; };
		84550D991A6E0F1E00C1B6F1 /* AppDelegate.m in Sources */ = {isa = PBXBuildFile; fileRef = 84550D981A6E0F1E00C1B6F1 /* AppDelegate.m */; };
		84550D9C1A6E0F1E00C1B6F1 /* ViewController.m in Sources */ = {isa = PBXBuildFile; fileRef = 84550D9B1A6E0F1E00C1B6F1 /* ViewController.m */; };
		84550D9F1A6E0F1E00C1B6F1 /* Main.storyboard in Resources */ = {isa = PBXBuildFile; fileRef = 84550D9D1A6E0F1E00C1B6F1 /* Main.storyboard */; };
		84550DA11A6E0F1E00C1B6F1 /* Images.xcassets in Resources */ = {isa = PBXBuildFile; fileRef = 84550DA01A6E0F1E00C1B6F1 /* Images.xcassets */; };
		84550DA41A6E0F1E00C1B6F1 /* LaunchScreen.xib in Resources */ = {isa = PBXBuildFile; fileRef = 84550DA21A6E0F1E00C1B6F1 /* LaunchScreen.xib */; };
		84550DB01A6E0F1E00C1B6F1 /* CameraComponentTests.m in Sources */ = {isa = PBXBuildFile; fileRef = 84550DAF1A6E0F1E00C1B6F1 /* CameraComponentTests.m */; };
		84550DBD1A6E0FCD00C1B6F1 /* ESCameraComponent.m in Sources */ = {isa = PBXBuildFile; fileRef = 84550DBC1A6E0FCD00C1B6F1 /* ESCameraComponent.m */; };
		84550DC21A6E2CDA00C1B6F1 /* ESCameraButton.m in Sources */ = {isa = PBXBuildFile; fileRef = 84550DC11A6E2CDA00C1B6F1 /* ESCameraButton.m */; };
		8457076C1A7891E3005488B8 /* ESCameraPickMultiPicViewController.m in Sources */ = {isa = PBXBuildFile; fileRef = 8457076B1A7891E3005488B8 /* ESCameraPickMultiPicViewController.m */; };
		845831641AA842ED00D9E5C0 /* ESSnapshootRecordTableViewController.m in Sources */ = {isa = PBXBuildFile; fileRef = 845831631AA842ED00D9E5C0 /* ESSnapshootRecordTableViewController.m */; };
		845966DA1A8CDD75007014E9 /* ESSnapshootSubThemeTableView.m in Sources */ = {isa = PBXBuildFile; fileRef = 845966D91A8CDD75007014E9 /* ESSnapshootSubThemeTableView.m */; };
		8460EDFD1A6F5D8E007A0355 /* ESMainView.m in Sources */ = {isa = PBXBuildFile; fileRef = 8460EDFC1A6F5D8E007A0355 /* ESMainView.m */; };
		8460EE011A6F9D1B007A0355 /* ESViewControllerUtil.m in Sources */ = {isa = PBXBuildFile; fileRef = 8460EE001A6F9D1B007A0355 /* ESViewControllerUtil.m */; };
		8465F37D1A83597F00C74F70 /* ESSnapshootFeedback.storyboard in Resources */ = {isa = PBXBuildFile; fileRef = 8465F37C1A83597F00C74F70 /* ESSnapshootFeedback.storyboard */; };
		846AD6651A7C8D55009E17D1 /* noOriginalPic@3x.png in Resources */ = {isa = PBXBuildFile; fileRef = 846AD6631A7C8D55009E17D1 /* noOriginalPic@3x.png */; };
		846AD6661A7C8D55009E17D1 /* originalPic@3x.png in Resources */ = {isa = PBXBuildFile; fileRef = 846AD6641A7C8D55009E17D1 /* originalPic@3x.png */; };
		847417DB1A9046B200D0429C /* ESSnapshootFeedback.m in Sources */ = {isa = PBXBuildFile; fileRef = 847417DA1A9046B200D0429C /* ESSnapshootFeedback.m */; };
		8483ED621A7F8F9100219502 /* ESCameraShowSinglePicture.m in Sources */ = {isa = PBXBuildFile; fileRef = 8483ED611A7F8F9100219502 /* ESCameraShowSinglePicture.m */; };
		848BEB321A7F132E00BA578D /* delPicBtn@3x.png in Resources */ = {isa = PBXBuildFile; fileRef = 848BEB311A7F132E00BA578D /* delPicBtn@3x.png */; };
		84956D121A75EBF100BD3CAC /* ESCameraChoseView.m in Sources */ = {isa = PBXBuildFile; fileRef = 84956D111A75EBF100BD3CAC /* ESCameraChoseView.m */; };
		849A4A171A76502600E7304F /* ESColorUtil.m in Sources */ = {isa = PBXBuildFile; fileRef = 849A4A161A76502600E7304F /* ESColorUtil.m */; };
		84A7D8721A8A53C8006502D3 /* ESSnapshootRecordItem.xib in Resources */ = {isa = PBXBuildFile; fileRef = 84A7D8711A8A53C8006502D3 /* ESSnapshootRecordItem.xib */; };
		84B1C56A1A89FEAB00A77967 /* ESSnapshootThemeTableViewController.m in Sources */ = {isa = PBXBuildFile; fileRef = 84B1C5691A89FEAB00A77967 /* ESSnapshootThemeTableViewController.m */; };
		84B1C56E1A8A04EF00A77967 /* ESSnapshootTheme.m in Sources */ = {isa = PBXBuildFile; fileRef = 84B1C56D1A8A04EF00A77967 /* ESSnapshootTheme.m */; };
		84B49BAD1A7B7EE700EE7CA5 /* cameraBtn@3x.png in Resources */ = {isa = PBXBuildFile; fileRef = 84B49BAA1A7B7EE700EE7CA5 /* cameraBtn@3x.png */; };
		84B49BAE1A7B7EE700EE7CA5 /* noSelected@3x.png in Resources */ = {isa = PBXBuildFile; fileRef = 84B49BAB1A7B7EE700EE7CA5 /* noSelected@3x.png */; };
		84B49BAF1A7B7EE700EE7CA5 /* selected@3x.png in Resources */ = {isa = PBXBuildFile; fileRef = 84B49BAC1A7B7EE700EE7CA5 /* selected@3x.png */; };
/* End PBXBuildFile section */

/* Begin PBXContainerItemProxy section */
		84550DAA1A6E0F1E00C1B6F1 /* PBXContainerItemProxy */ = {
			isa = PBXContainerItemProxy;
			containerPortal = 84550D881A6E0F1E00C1B6F1 /* Project object */;
			proxyType = 1;
			remoteGlobalIDString = 84550D8F1A6E0F1E00C1B6F1;
			remoteInfo = CameraComponent;
		};
/* End PBXContainerItemProxy section */

/* Begin PBXFileReference section */
		840093651A889F3000DEB4A8 /* Describe@3x.png */ = {isa = PBXFileReference; lastKnownFileType = image.png; name = "Describe@3x.png"; path = "CameraComponent/Section/SnapshootFeedback/Image/Describe@3x.png"; sourceTree = "<group>"; };
		840093661A889F3000DEB4A8 /* Theme@3x.png */ = {isa = PBXFileReference; lastKnownFileType = image.png; name = "Theme@3x.png"; path = "CameraComponent/Section/SnapshootFeedback/Image/Theme@3x.png"; sourceTree = "<group>"; };
		840093691A88BA5600DEB4A8 /* ESSnapshootFeedbackViewController.h */ = {isa = PBXFileReference; fileEncoding = 4; lastKnownFileType = sourcecode.c.h; name = ESSnapshootFeedbackViewController.h; path = CameraComponent/Section/SnapshootFeedback/Controller/ESSnapshootFeedbackViewController.h; sourceTree = "<group>"; };
		8400936A1A88BA5600DEB4A8 /* ESSnapshootFeedbackViewController.m */ = {isa = PBXFileReference; fileEncoding = 4; lastKnownFileType = sourcecode.c.objc; name = ESSnapshootFeedbackViewController.m; path = CameraComponent/Section/SnapshootFeedback/Controller/ESSnapshootFeedbackViewController.m; sourceTree = "<group>"; };
		8405D5CA1A75F35500C7E3E9 /* ESCameraChoseTabView.h */ = {isa = PBXFileReference; fileEncoding = 4; lastKnownFileType = sourcecode.c.h; name = ESCameraChoseTabView.h; path = CameraComponent/General/Camera/ESCameraChoseTabView.h; sourceTree = "<group>"; };
		8405D5CB1A75F35500C7E3E9 /* ESCameraChoseTabView.m */ = {isa = PBXFileReference; fileEncoding = 4; lastKnownFileType = sourcecode.c.objc; name = ESCameraChoseTabView.m; path = CameraComponent/General/Camera/ESCameraChoseTabView.m; sourceTree = "<group>"; };
		840BECAD1A81C5AB00320C5D /* ESDebugLog.h */ = {isa = PBXFileReference; fileEncoding = 4; lastKnownFileType = sourcecode.c.h; name = ESDebugLog.h; path = CameraComponent/Util/ESDebugLog.h; sourceTree = "<group>"; };
		840BECB11A81ED7400320C5D /* AFHTTPClient.h */ = {isa = PBXFileReference; fileEncoding = 4; lastKnownFileType = sourcecode.c.h; name = AFHTTPClient.h; path = CameraComponent/ThirdPath/AFNetworking/AFHTTPClient.h; sourceTree = "<group>"; };
		840BECB21A81ED7400320C5D /* AFHTTPClient.m */ = {isa = PBXFileReference; fileEncoding = 4; lastKnownFileType = sourcecode.c.objc; name = AFHTTPClient.m; path = CameraComponent/ThirdPath/AFNetworking/AFHTTPClient.m; sourceTree = "<group>"; };
		840BECB31A81ED7400320C5D /* AFHTTPRequestOperation.h */ = {isa = PBXFileReference; fileEncoding = 4; lastKnownFileType = sourcecode.c.h; name = AFHTTPRequestOperation.h; path = CameraComponent/ThirdPath/AFNetworking/AFHTTPRequestOperation.h; sourceTree = "<group>"; };
		840BECB41A81ED7400320C5D /* AFHTTPRequestOperation.m */ = {isa = PBXFileReference; fileEncoding = 4; lastKnownFileType = sourcecode.c.objc; name = AFHTTPRequestOperation.m; path = CameraComponent/ThirdPath/AFNetworking/AFHTTPRequestOperation.m; sourceTree = "<group>"; };
		840BECB51A81ED7400320C5D /* AFImageRequestOperation.h */ = {isa = PBXFileReference; fileEncoding = 4; lastKnownFileType = sourcecode.c.h; name = AFImageRequestOperation.h; path = CameraComponent/ThirdPath/AFNetworking/AFImageRequestOperation.h; sourceTree = "<group>"; };
		840BECB61A81ED7400320C5D /* AFImageRequestOperation.m */ = {isa = PBXFileReference; fileEncoding = 4; lastKnownFileType = sourcecode.c.objc; name = AFImageRequestOperation.m; path = CameraComponent/ThirdPath/AFNetworking/AFImageRequestOperation.m; sourceTree = "<group>"; };
		840BECB71A81ED7400320C5D /* AFJSONRequestOperation.h */ = {isa = PBXFileReference; fileEncoding = 4; lastKnownFileType = sourcecode.c.h; name = AFJSONRequestOperation.h; path = CameraComponent/ThirdPath/AFNetworking/AFJSONRequestOperation.h; sourceTree = "<group>"; };
		840BECB81A81ED7400320C5D /* AFJSONRequestOperation.m */ = {isa = PBXFileReference; fileEncoding = 4; lastKnownFileType = sourcecode.c.objc; name = AFJSONRequestOperation.m; path = CameraComponent/ThirdPath/AFNetworking/AFJSONRequestOperation.m; sourceTree = "<group>"; };
		840BECB91A81ED7400320C5D /* AFNetworkActivityIndicatorManager.h */ = {isa = PBXFileReference; fileEncoding = 4; lastKnownFileType = sourcecode.c.h; name = AFNetworkActivityIndicatorManager.h; path = CameraComponent/ThirdPath/AFNetworking/AFNetworkActivityIndicatorManager.h; sourceTree = "<group>"; };
		840BECBA1A81ED7400320C5D /* AFNetworkActivityIndicatorManager.m */ = {isa = PBXFileReference; fileEncoding = 4; lastKnownFileType = sourcecode.c.objc; name = AFNetworkActivityIndicatorManager.m; path = CameraComponent/ThirdPath/AFNetworking/AFNetworkActivityIndicatorManager.m; sourceTree = "<group>"; };
		840BECBB1A81ED7400320C5D /* AFNetworking.h */ = {isa = PBXFileReference; fileEncoding = 4; lastKnownFileType = sourcecode.c.h; name = AFNetworking.h; path = CameraComponent/ThirdPath/AFNetworking/AFNetworking.h; sourceTree = "<group>"; };
		840BECBC1A81ED7400320C5D /* AFPropertyListRequestOperation.h */ = {isa = PBXFileReference; fileEncoding = 4; lastKnownFileType = sourcecode.c.h; name = AFPropertyListRequestOperation.h; path = CameraComponent/ThirdPath/AFNetworking/AFPropertyListRequestOperation.h; sourceTree = "<group>"; };
		840BECBD1A81ED7400320C5D /* AFPropertyListRequestOperation.m */ = {isa = PBXFileReference; fileEncoding = 4; lastKnownFileType = sourcecode.c.objc; name = AFPropertyListRequestOperation.m; path = CameraComponent/ThirdPath/AFNetworking/AFPropertyListRequestOperation.m; sourceTree = "<group>"; };
		840BECBE1A81ED7400320C5D /* AFURLConnectionOperation.h */ = {isa = PBXFileReference; fileEncoding = 4; lastKnownFileType = sourcecode.c.h; name = AFURLConnectionOperation.h; path = CameraComponent/ThirdPath/AFNetworking/AFURLConnectionOperation.h; sourceTree = "<group>"; };
		840BECBF1A81ED7400320C5D /* AFURLConnectionOperation.m */ = {isa = PBXFileReference; fileEncoding = 4; lastKnownFileType = sourcecode.c.objc; name = AFURLConnectionOperation.m; path = CameraComponent/ThirdPath/AFNetworking/AFURLConnectionOperation.m; sourceTree = "<group>"; };
		840BECC01A81ED7400320C5D /* AFXMLRequestOperation.h */ = {isa = PBXFileReference; fileEncoding = 4; lastKnownFileType = sourcecode.c.h; name = AFXMLRequestOperation.h; path = CameraComponent/ThirdPath/AFNetworking/AFXMLRequestOperation.h; sourceTree = "<group>"; };
		840BECC11A81ED7400320C5D /* AFXMLRequestOperation.m */ = {isa = PBXFileReference; fileEncoding = 4; lastKnownFileType = sourcecode.c.objc; name = AFXMLRequestOperation.m; path = CameraComponent/ThirdPath/AFNetworking/AFXMLRequestOperation.m; sourceTree = "<group>"; };
		840BECC21A81ED7400320C5D /* UIImageView+AFNetworking.h */ = {isa = PBXFileReference; fileEncoding = 4; lastKnownFileType = sourcecode.c.h; name = "UIImageView+AFNetworking.h"; path = "CameraComponent/ThirdPath/AFNetworking/UIImageView+AFNetworking.h"; sourceTree = "<group>"; };
		840BECC31A81ED7400320C5D /* UIImageView+AFNetworking.m */ = {isa = PBXFileReference; fileEncoding = 4; lastKnownFileType = sourcecode.c.objc; name = "UIImageView+AFNetworking.m"; path = "CameraComponent/ThirdPath/AFNetworking/UIImageView+AFNetworking.m"; sourceTree = "<group>"; };
		8433245A1A79E428006CE1BB /* backBtn@3x.png */ = {isa = PBXFileReference; lastKnownFileType = image.png; name = "backBtn@3x.png"; path = "CameraComponent/General/Camera/Image/backBtn@3x.png"; sourceTree = "<group>"; };
		8433245C1A79FF52006CE1BB /* ESCameraMultiPicScanViewController.h */ = {isa = PBXFileReference; fileEncoding = 4; lastKnownFileType = sourcecode.c.h; name = ESCameraMultiPicScanViewController.h; path = CameraComponent/General/Camera/ESCameraMultiPicScanViewController.h; sourceTree = "<group>"; };
		8433245D1A79FF52006CE1BB /* ESCameraMultiPicScanViewController.m */ = {isa = PBXFileReference; fileEncoding = 4; lastKnownFileType = sourcecode.c.objc; name = ESCameraMultiPicScanViewController.m; path = CameraComponent/General/Camera/ESCameraMultiPicScanViewController.m; sourceTree = "<group>"; };
		8436A83F1A8B106A00D81E1A /* ESNetworkClient.h */ = {isa = PBXFileReference; fileEncoding = 4; lastKnownFileType = sourcecode.c.h; name = ESNetworkClient.h; path = CameraComponent/Util/ESNetworkClient.h; sourceTree = "<group>"; };
		8436A8401A8B106A00D81E1A /* ESNetworkClient.m */ = {isa = PBXFileReference; fileEncoding = 4; lastKnownFileType = sourcecode.c.objc; name = ESNetworkClient.m; path = CameraComponent/Util/ESNetworkClient.m; sourceTree = "<group>"; };
		8436A8431A8B10BD00D81E1A /* GTMBase64.h */ = {isa = PBXFileReference; fileEncoding = 4; lastKnownFileType = sourcecode.c.h; path = GTMBase64.h; sourceTree = "<group>"; };
		8436A8441A8B10BD00D81E1A /* GTMBase64.m */ = {isa = PBXFileReference; fileEncoding = 4; lastKnownFileType = sourcecode.c.objc; path = GTMBase64.m; sourceTree = "<group>"; };
		8436A8451A8B10BD00D81E1A /* GTMDefines.h */ = {isa = PBXFileReference; fileEncoding = 4; lastKnownFileType = sourcecode.c.h; path = GTMDefines.h; sourceTree = "<group>"; };
		8436A8481A8B31A500D81E1A /* ESAppMacro.h */ = {isa = PBXFileReference; fileEncoding = 4; lastKnownFileType = sourcecode.c.h; path = ESAppMacro.h; sourceTree = "<group>"; };
		843ECBFC1A7D11E800969366 /* ESCameraDelegate.h */ = {isa = PBXFileReference; lastKnownFileType = sourcecode.c.h; name = ESCameraDelegate.h; path = CameraComponent/General/Camera/ESCameraDelegate.h; sourceTree = "<group>"; };
		843F144B1AA6F2AE00AAA76D /* SnapshootList@3x.png */ = {isa = PBXFileReference; lastKnownFileType = image.png; name = "SnapshootList@3x.png"; path = "CameraComponent/Section/SnapshootFeedback/Image/SnapshootList@3x.png"; sourceTree = "<group>"; };
		8449005A1A77752400EB150B /* ESImageUtil.h */ = {isa = PBXFileReference; fileEncoding = 4; lastKnownFileType = sourcecode.c.h; name = ESImageUtil.h; path = CameraComponent/Util/ESImageUtil.h; sourceTree = "<group>"; };
		8449005B1A77752400EB150B /* ESImageUtil.m */ = {isa = PBXFileReference; fileEncoding = 4; lastKnownFileType = sourcecode.c.objc; name = ESImageUtil.m; path = CameraComponent/Util/ESImageUtil.m; sourceTree = "<group>"; };
		8449005D1A777E3C00EB150B /* photoLibraryBtn@3x.png */ = {isa = PBXFileReference; lastKnownFileType = image.png; name = "photoLibraryBtn@3x.png"; path = "CameraComponent/General/Camera/Image/photoLibraryBtn@3x.png"; sourceTree = "<group>"; };
		8449005E1A777E3C00EB150B /* snapshootBtn@3x.png */ = {isa = PBXFileReference; lastKnownFileType = image.png; name = "snapshootBtn@3x.png"; path = "CameraComponent/General/Camera/Image/snapshootBtn@3x.png"; sourceTree = "<group>"; };
		844A37A31A7DE0C300CACD25 /* camera@3x.png */ = {isa = PBXFileReference; lastKnownFileType = image.png; name = "camera@3x.png"; path = "CameraComponent/General/Camera/Image/camera@3x.png"; sourceTree = "<group>"; };
		84550D901A6E0F1E00C1B6F1 /* CameraComponent.app */ = {isa = PBXFileReference; explicitFileType = wrapper.application; includeInIndex = 0; path = CameraComponent.app; sourceTree = BUILT_PRODUCTS_DIR; };
		84550D941A6E0F1E00C1B6F1 /* Info.plist */ = {isa = PBXFileReference; lastKnownFileType = text.plist.xml; path = Info.plist; sourceTree = "<group>"; };
		84550D951A6E0F1E00C1B6F1 /* main.m */ = {isa = PBXFileReference; lastKnownFileType = sourcecode.c.objc; path = main.m; sourceTree = "<group>"; };
		84550D971A6E0F1E00C1B6F1 /* AppDelegate.h */ = {isa = PBXFileReference; lastKnownFileType = sourcecode.c.h; path = AppDelegate.h; sourceTree = "<group>"; };
		84550D981A6E0F1E00C1B6F1 /* AppDelegate.m */ = {isa = PBXFileReference; lastKnownFileType = sourcecode.c.objc; path = AppDelegate.m; sourceTree = "<group>"; };
		84550D9A1A6E0F1E00C1B6F1 /* ViewController.h */ = {isa = PBXFileReference; lastKnownFileType = sourcecode.c.h; path = ViewController.h; sourceTree = "<group>"; };
		84550D9B1A6E0F1E00C1B6F1 /* ViewController.m */ = {isa = PBXFileReference; lastKnownFileType = sourcecode.c.objc; path = ViewController.m; sourceTree = "<group>"; };
		84550D9E1A6E0F1E00C1B6F1 /* Base */ = {isa = PBXFileReference; lastKnownFileType = file.storyboard; name = Base; path = Base.lproj/Main.storyboard; sourceTree = "<group>"; };
		84550DA01A6E0F1E00C1B6F1 /* Images.xcassets */ = {isa = PBXFileReference; lastKnownFileType = folder.assetcatalog; path = Images.xcassets; sourceTree = "<group>"; };
		84550DA31A6E0F1E00C1B6F1 /* Base */ = {isa = PBXFileReference; lastKnownFileType = file.xib; name = Base; path = Base.lproj/LaunchScreen.xib; sourceTree = "<group>"; };
		84550DA91A6E0F1E00C1B6F1 /* CameraComponentTests.xctest */ = {isa = PBXFileReference; explicitFileType = wrapper.cfbundle; includeInIndex = 0; path = CameraComponentTests.xctest; sourceTree = BUILT_PRODUCTS_DIR; };
		84550DAE1A6E0F1E00C1B6F1 /* Info.plist */ = {isa = PBXFileReference; lastKnownFileType = text.plist.xml; path = Info.plist; sourceTree = "<group>"; };
		84550DAF1A6E0F1E00C1B6F1 /* CameraComponentTests.m */ = {isa = PBXFileReference; lastKnownFileType = sourcecode.c.objc; path = CameraComponentTests.m; sourceTree = "<group>"; };
		84550DBB1A6E0FCD00C1B6F1 /* ESCameraComponent.h */ = {isa = PBXFileReference; fileEncoding = 4; lastKnownFileType = sourcecode.c.h; name = ESCameraComponent.h; path = CameraComponent/General/Camera/ESCameraComponent.h; sourceTree = "<group>"; };
		84550DBC1A6E0FCD00C1B6F1 /* ESCameraComponent.m */ = {isa = PBXFileReference; fileEncoding = 4; lastKnownFileType = sourcecode.c.objc; name = ESCameraComponent.m; path = CameraComponent/General/Camera/ESCameraComponent.m; sourceTree = "<group>"; };
		84550DC01A6E2CDA00C1B6F1 /* ESCameraButton.h */ = {isa = PBXFileReference; fileEncoding = 4; lastKnownFileType = sourcecode.c.h; name = ESCameraButton.h; path = CameraComponent/General/Camera/ESCameraButton.h; sourceTree = "<group>"; };
		84550DC11A6E2CDA00C1B6F1 /* ESCameraButton.m */ = {isa = PBXFileReference; fileEncoding = 4; lastKnownFileType = sourcecode.c.objc; name = ESCameraButton.m; path = CameraComponent/General/Camera/ESCameraButton.m; sourceTree = "<group>"; };
		8457076A1A7891E3005488B8 /* ESCameraPickMultiPicViewController.h */ = {isa = PBXFileReference; fileEncoding = 4; lastKnownFileType = sourcecode.c.h; name = ESCameraPickMultiPicViewController.h; path = CameraComponent/General/Camera/ESCameraPickMultiPicViewController.h; sourceTree = "<group>"; };
		8457076B1A7891E3005488B8 /* ESCameraPickMultiPicViewController.m */ = {isa = PBXFileReference; fileEncoding = 4; lastKnownFileType = sourcecode.c.objc; name = ESCameraPickMultiPicViewController.m; path = CameraComponent/General/Camera/ESCameraPickMultiPicViewController.m; sourceTree = "<group>"; };
		845831621AA842ED00D9E5C0 /* ESSnapshootRecordTableViewController.h */ = {isa = PBXFileReference; fileEncoding = 4; lastKnownFileType = sourcecode.c.h; name = ESSnapshootRecordTableViewController.h; path = CameraComponent/Section/SnapshootFeedback/Controller/ESSnapshootRecordTableViewController.h; sourceTree = "<group>"; };
		845831631AA842ED00D9E5C0 /* ESSnapshootRecordTableViewController.m */ = {isa = PBXFileReference; fileEncoding = 4; lastKnownFileType = sourcecode.c.objc; name = ESSnapshootRecordTableViewController.m; path = CameraComponent/Section/SnapshootFeedback/Controller/ESSnapshootRecordTableViewController.m; sourceTree = "<group>"; };
		845966D81A8CDD75007014E9 /* ESSnapshootSubThemeTableView.h */ = {isa = PBXFileReference; fileEncoding = 4; lastKnownFileType = sourcecode.c.h; name = ESSnapshootSubThemeTableView.h; path = CameraComponent/Section/SnapshootFeedback/View/ESSnapshootSubThemeTableView.h; sourceTree = "<group>"; };
		845966D91A8CDD75007014E9 /* ESSnapshootSubThemeTableView.m */ = {isa = PBXFileReference; fileEncoding = 4; lastKnownFileType = sourcecode.c.objc; name = ESSnapshootSubThemeTableView.m; path = CameraComponent/Section/SnapshootFeedback/View/ESSnapshootSubThemeTableView.m; sourceTree = "<group>"; };
		8460EDFB1A6F5D8E007A0355 /* ESMainView.h */ = {isa = PBXFileReference; fileEncoding = 4; lastKnownFileType = sourcecode.c.h; name = ESMainView.h; path = CameraComponent/Section/Main/View/ESMainView.h; sourceTree = "<group>"; };
		8460EDFC1A6F5D8E007A0355 /* ESMainView.m */ = {isa = PBXFileReference; fileEncoding = 4; lastKnownFileType = sourcecode.c.objc; name = ESMainView.m; path = CameraComponent/Section/Main/View/ESMainView.m; sourceTree = "<group>"; };
		8460EDFF1A6F9D1B007A0355 /* ESViewControllerUtil.h */ = {isa = PBXFileReference; fileEncoding = 4; lastKnownFileType = sourcecode.c.h; name = ESViewControllerUtil.h; path = CameraComponent/Util/ESViewControllerUtil.h; sourceTree = "<group>"; };
		8460EE001A6F9D1B007A0355 /* ESViewControllerUtil.m */ = {isa = PBXFileReference; fileEncoding = 4; lastKnownFileType = sourcecode.c.objc; name = ESViewControllerUtil.m; path = CameraComponent/Util/ESViewControllerUtil.m; sourceTree = "<group>"; };
		846523FD1A779FAC00AC2423 /* zh-Hans */ = {isa = PBXFileReference; lastKnownFileType = text.plist.strings; name = "zh-Hans"; path = "zh-Hans.lproj/Main.strings"; sourceTree = "<group>"; };
		846523FE1A779FAD00AC2423 /* zh-Hans */ = {isa = PBXFileReference; lastKnownFileType = text.plist.strings; name = "zh-Hans"; path = "zh-Hans.lproj/LaunchScreen.strings"; sourceTree = "<group>"; };
		8465F37C1A83597F00C74F70 /* ESSnapshootFeedback.storyboard */ = {isa = PBXFileReference; fileEncoding = 4; lastKnownFileType = file.storyboard; name = ESSnapshootFeedback.storyboard; path = CameraComponent/Section/SnapshootFeedback/ESSnapshootFeedback.storyboard; sourceTree = "<group>"; };
		846AD6631A7C8D55009E17D1 /* noOriginalPic@3x.png */ = {isa = PBXFileReference; lastKnownFileType = image.png; name = "noOriginalPic@3x.png"; path = "CameraComponent/General/Camera/Image/noOriginalPic@3x.png"; sourceTree = "<group>"; };
		846AD6641A7C8D55009E17D1 /* originalPic@3x.png */ = {isa = PBXFileReference; lastKnownFileType = image.png; name = "originalPic@3x.png"; path = "CameraComponent/General/Camera/Image/originalPic@3x.png"; sourceTree = "<group>"; };
		846AD6691A7CADA7009E17D1 /* ESCameraDefine.h */ = {isa = PBXFileReference; lastKnownFileType = sourcecode.c.h; name = ESCameraDefine.h; path = CameraComponent/General/Camera/ESCameraDefine.h; sourceTree = "<group>"; };
		847417D91A9046B200D0429C /* ESSnapshootFeedback.h */ = {isa = PBXFileReference; fileEncoding = 4; lastKnownFileType = sourcecode.c.h; name = ESSnapshootFeedback.h; path = CameraComponent/Section/SnapshootFeedback/Modal/ESSnapshootFeedback.h; sourceTree = "<group>"; };
		847417DA1A9046B200D0429C /* ESSnapshootFeedback.m */ = {isa = PBXFileReference; fileEncoding = 4; lastKnownFileType = sourcecode.c.objc; name = ESSnapshootFeedback.m; path = CameraComponent/Section/SnapshootFeedback/Modal/ESSnapshootFeedback.m; sourceTree = "<group>"; };
		8483ED601A7F8F9100219502 /* ESCameraShowSinglePicture.h */ = {isa = PBXFileReference; fileEncoding = 4; lastKnownFileType = sourcecode.c.h; name = ESCameraShowSinglePicture.h; path = CameraComponent/General/Camera/ESCameraShowSinglePicture.h; sourceTree = "<group>"; };
		8483ED611A7F8F9100219502 /* ESCameraShowSinglePicture.m */ = {isa = PBXFileReference; fileEncoding = 4; lastKnownFileType = sourcecode.c.objc; name = ESCameraShowSinglePicture.m; path = CameraComponent/General/Camera/ESCameraShowSinglePicture.m; sourceTree = "<group>"; };
		848BEB311A7F132E00BA578D /* delPicBtn@3x.png */ = {isa = PBXFileReference; lastKnownFileType = image.png; name = "delPicBtn@3x.png"; path = "CameraComponent/General/Camera/Image/delPicBtn@3x.png"; sourceTree = "<group>"; };
		84956D101A75EBF100BD3CAC /* ESCameraChoseView.h */ = {isa = PBXFileReference; fileEncoding = 4; lastKnownFileType = sourcecode.c.h; name = ESCameraChoseView.h; path = CameraComponent/General/Camera/ESCameraChoseView.h; sourceTree = "<group>"; };
		84956D111A75EBF100BD3CAC /* ESCameraChoseView.m */ = {isa = PBXFileReference; fileEncoding = 4; lastKnownFileType = sourcecode.c.objc; name = ESCameraChoseView.m; path = CameraComponent/General/Camera/ESCameraChoseView.m; sourceTree = "<group>"; };
		849A4A151A76502600E7304F /* ESColorUtil.h */ = {isa = PBXFileReference; fileEncoding = 4; lastKnownFileType = sourcecode.c.h; name = ESColorUtil.h; path = CameraComponent/Util/ESColorUtil.h; sourceTree = "<group>"; };
		849A4A161A76502600E7304F /* ESColorUtil.m */ = {isa = PBXFileReference; fileEncoding = 4; lastKnownFileType = sourcecode.c.objc; name = ESColorUtil.m; path = CameraComponent/Util/ESColorUtil.m; sourceTree = "<group>"; };
		84A7D8711A8A53C8006502D3 /* ESSnapshootRecordItem.xib */ = {isa = PBXFileReference; fileEncoding = 4; lastKnownFileType = file.xib; name = ESSnapshootRecordItem.xib; path = CameraComponent/Section/SnapshootFeedback/View/ESSnapshootRecordItem.xib; sourceTree = "<group>"; };
		84B1C5671A89F74D00A77967 /* ESSnapshootDelegate.h */ = {isa = PBXFileReference; lastKnownFileType = sourcecode.c.h; name = ESSnapshootDelegate.h; path = CameraComponent/Section/SnapshootFeedback/Controller/ESSnapshootDelegate.h; sourceTree = "<group>"; };
		84B1C5681A89FEAB00A77967 /* ESSnapshootThemeTableViewController.h */ = {isa = PBXFileReference; fileEncoding = 4; lastKnownFileType = sourcecode.c.h; name = ESSnapshootThemeTableViewController.h; path = CameraComponent/Section/SnapshootFeedback/Controller/ESSnapshootThemeTableViewController.h; sourceTree = "<group>"; };
		84B1C5691A89FEAB00A77967 /* ESSnapshootThemeTableViewController.m */ = {isa = PBXFileReference; fileEncoding = 4; lastKnownFileType = sourcecode.c.objc; name = ESSnapshootThemeTableViewController.m; path = CameraComponent/Section/SnapshootFeedback/Controller/ESSnapshootThemeTableViewController.m; sourceTree = "<group>"; };
		84B1C56C1A8A04EF00A77967 /* ESSnapshootTheme.h */ = {isa = PBXFileReference; fileEncoding = 4; lastKnownFileType = sourcecode.c.h; name = ESSnapshootTheme.h; path = CameraComponent/Section/SnapshootFeedback/Modal/ESSnapshootTheme.h; sourceTree = "<group>"; };
		84B1C56D1A8A04EF00A77967 /* ESSnapshootTheme.m */ = {isa = PBXFileReference; fileEncoding = 4; lastKnownFileType = sourcecode.c.objc; name = ESSnapshootTheme.m; path = CameraComponent/Section/SnapshootFeedback/Modal/ESSnapshootTheme.m; sourceTree = "<group>"; };
		84B49BAA1A7B7EE700EE7CA5 /* cameraBtn@3x.png */ = {isa = PBXFileReference; lastKnownFileType = image.png; name = "cameraBtn@3x.png"; path = "CameraComponent/General/Camera/Image/cameraBtn@3x.png"; sourceTree = "<group>"; };
		84B49BAB1A7B7EE700EE7CA5 /* noSelected@3x.png */ = {isa = PBXFileReference; lastKnownFileType = image.png; name = "noSelected@3x.png"; path = "CameraComponent/General/Camera/Image/noSelected@3x.png"; sourceTree = "<group>"; };
		84B49BAC1A7B7EE700EE7CA5 /* selected@3x.png */ = {isa = PBXFileReference; lastKnownFileType = image.png; name = "selected@3x.png"; path = "CameraComponent/General/Camera/Image/selected@3x.png"; sourceTree = "<group>"; };
/* End PBXFileReference section */

/* Begin PBXFrameworksBuildPhase section */
		84550D8D1A6E0F1E00C1B6F1 /* Frameworks */ = {
			isa = PBXFrameworksBuildPhase;
			buildActionMask = 2147483647;
			files = (
			);
			runOnlyForDeploymentPostprocessing = 0;
		};
		84550DA61A6E0F1E00C1B6F1 /* Frameworks */ = {
			isa = PBXFrameworksBuildPhase;
			buildActionMask = 2147483647;
			files = (
			);
			runOnlyForDeploymentPostprocessing = 0;
		};
/* End PBXFrameworksBuildPhase section */

/* Begin PBXGroup section */
		840093641A889E9900DEB4A8 /* Image */ = {
			isa = PBXGroup;
			children = (
				843F144B1AA6F2AE00AAA76D /* SnapshootList@3x.png */,
				840093651A889F3000DEB4A8 /* Describe@3x.png */,
				840093661A889F3000DEB4A8 /* Theme@3x.png */,
			);
			name = Image;
			sourceTree = "<group>";
		};
		840BEC8F1A81BEF000320C5D /* ThirdPath */ = {
			isa = PBXGroup;
			children = (
				8436A8421A8B10BD00D81E1A /* base64 */,
				840BEC901A81BEFA00320C5D /* AFNetworking */,
			);
			name = ThirdPath;
			sourceTree = "<group>";
		};
		840BEC901A81BEFA00320C5D /* AFNetworking */ = {
			isa = PBXGroup;
			children = (
				840BECB11A81ED7400320C5D /* AFHTTPClient.h */,
				840BECB21A81ED7400320C5D /* AFHTTPClient.m */,
				840BECB31A81ED7400320C5D /* AFHTTPRequestOperation.h */,
				840BECB41A81ED7400320C5D /* AFHTTPRequestOperation.m */,
				840BECB51A81ED7400320C5D /* AFImageRequestOperation.h */,
				840BECB61A81ED7400320C5D /* AFImageRequestOperation.m */,
				840BECB71A81ED7400320C5D /* AFJSONRequestOperation.h */,
				840BECB81A81ED7400320C5D /* AFJSONRequestOperation.m */,
				840BECB91A81ED7400320C5D /* AFNetworkActivityIndicatorManager.h */,
				840BECBA1A81ED7400320C5D /* AFNetworkActivityIndicatorManager.m */,
				840BECBB1A81ED7400320C5D /* AFNetworking.h */,
				840BECBC1A81ED7400320C5D /* AFPropertyListRequestOperation.h */,
				840BECBD1A81ED7400320C5D /* AFPropertyListRequestOperation.m */,
				840BECBE1A81ED7400320C5D /* AFURLConnectionOperation.h */,
				840BECBF1A81ED7400320C5D /* AFURLConnectionOperation.m */,
				840BECC01A81ED7400320C5D /* AFXMLRequestOperation.h */,
				840BECC11A81ED7400320C5D /* AFXMLRequestOperation.m */,
				840BECC21A81ED7400320C5D /* UIImageView+AFNetworking.h */,
				840BECC31A81ED7400320C5D /* UIImageView+AFNetworking.m */,
			);
			name = AFNetworking;
			sourceTree = "<group>";
		};
		8436A8421A8B10BD00D81E1A /* base64 */ = {
			isa = PBXGroup;
			children = (
				8436A8431A8B10BD00D81E1A /* GTMBase64.h */,
				8436A8441A8B10BD00D81E1A /* GTMBase64.m */,
				8436A8451A8B10BD00D81E1A /* GTMDefines.h */,
			);
			name = base64;
			path = CameraComponent/ThirdPath/base64;
			sourceTree = "<group>";
		};
		8436A8471A8B31A500D81E1A /* Macro */ = {
			isa = PBXGroup;
			children = (
				8436A8481A8B31A500D81E1A /* ESAppMacro.h */,
			);
			name = Macro;
			path = CameraComponent/Macro;
			sourceTree = "<group>";
		};
		844900551A77342900EB150B /* Image */ = {
			isa = PBXGroup;
			children = (
				848BEB311A7F132E00BA578D /* delPicBtn@3x.png */,
				844A37A31A7DE0C300CACD25 /* camera@3x.png */,
				846AD6631A7C8D55009E17D1 /* noOriginalPic@3x.png */,
				846AD6641A7C8D55009E17D1 /* originalPic@3x.png */,
				84B49BAA1A7B7EE700EE7CA5 /* cameraBtn@3x.png */,
				84B49BAB1A7B7EE700EE7CA5 /* noSelected@3x.png */,
				84B49BAC1A7B7EE700EE7CA5 /* selected@3x.png */,
				8433245A1A79E428006CE1BB /* backBtn@3x.png */,
				8449005D1A777E3C00EB150B /* photoLibraryBtn@3x.png */,
				8449005E1A777E3C00EB150B /* snapshootBtn@3x.png */,
			);
			name = Image;
			sourceTree = "<group>";
		};
		84550D871A6E0F1E00C1B6F1 = {
			isa = PBXGroup;
			children = (
				8436A8471A8B31A500D81E1A /* Macro */,
				840BEC8F1A81BEF000320C5D /* ThirdPath */,
				8460EDFE1A6F921D007A0355 /* Util */,
				8460EDF71A6F5CDD007A0355 /* Section */,
				84550DB91A6E0F2800C1B6F1 /* General */,
				84550D921A6E0F1E00C1B6F1 /* CameraComponent */,
				84550DAC1A6E0F1E00C1B6F1 /* CameraComponentTests */,
				84550D911A6E0F1E00C1B6F1 /* Products */,
			);
			sourceTree = "<group>";
		};
		84550D911A6E0F1E00C1B6F1 /* Products */ = {
			isa = PBXGroup;
			children = (
				84550D901A6E0F1E00C1B6F1 /* CameraComponent.app */,
				84550DA91A6E0F1E00C1B6F1 /* CameraComponentTests.xctest */,
			);
			name = Products;
			sourceTree = "<group>";
		};
		84550D921A6E0F1E00C1B6F1 /* CameraComponent */ = {
			isa = PBXGroup;
			children = (
				84550D971A6E0F1E00C1B6F1 /* AppDelegate.h */,
				84550D981A6E0F1E00C1B6F1 /* AppDelegate.m */,
				84550D9A1A6E0F1E00C1B6F1 /* ViewController.h */,
				84550D9B1A6E0F1E00C1B6F1 /* ViewController.m */,
				84550D9D1A6E0F1E00C1B6F1 /* Main.storyboard */,
				84550DA01A6E0F1E00C1B6F1 /* Images.xcassets */,
				84550DA21A6E0F1E00C1B6F1 /* LaunchScreen.xib */,
				84550D931A6E0F1E00C1B6F1 /* Supporting Files */,
			);
			path = CameraComponent;
			sourceTree = "<group>";
		};
		84550D931A6E0F1E00C1B6F1 /* Supporting Files */ = {
			isa = PBXGroup;
			children = (
				84550D941A6E0F1E00C1B6F1 /* Info.plist */,
				84550D951A6E0F1E00C1B6F1 /* main.m */,
			);
			name = "Supporting Files";
			sourceTree = "<group>";
		};
		84550DAC1A6E0F1E00C1B6F1 /* CameraComponentTests */ = {
			isa = PBXGroup;
			children = (
				84550DAF1A6E0F1E00C1B6F1 /* CameraComponentTests.m */,
				84550DAD1A6E0F1E00C1B6F1 /* Supporting Files */,
			);
			path = CameraComponentTests;
			sourceTree = "<group>";
		};
		84550DAD1A6E0F1E00C1B6F1 /* Supporting Files */ = {
			isa = PBXGroup;
			children = (
				84550DAE1A6E0F1E00C1B6F1 /* Info.plist */,
			);
			name = "Supporting Files";
			sourceTree = "<group>";
		};
		84550DB91A6E0F2800C1B6F1 /* General */ = {
			isa = PBXGroup;
			children = (
				84550DBA1A6E0F3000C1B6F1 /* Camera */,
			);
			name = General;
			sourceTree = "<group>";
		};
		84550DBA1A6E0F3000C1B6F1 /* Camera */ = {
			isa = PBXGroup;
			children = (
				844900551A77342900EB150B /* Image */,
				84550DBB1A6E0FCD00C1B6F1 /* ESCameraComponent.h */,
				84550DBC1A6E0FCD00C1B6F1 /* ESCameraComponent.m */,
				84550DC01A6E2CDA00C1B6F1 /* ESCameraButton.h */,
				84550DC11A6E2CDA00C1B6F1 /* ESCameraButton.m */,
				84956D101A75EBF100BD3CAC /* ESCameraChoseView.h */,
				84956D111A75EBF100BD3CAC /* ESCameraChoseView.m */,
				8405D5CA1A75F35500C7E3E9 /* ESCameraChoseTabView.h */,
				8405D5CB1A75F35500C7E3E9 /* ESCameraChoseTabView.m */,
				8457076A1A7891E3005488B8 /* ESCameraPickMultiPicViewController.h */,
				8457076B1A7891E3005488B8 /* ESCameraPickMultiPicViewController.m */,
				8433245C1A79FF52006CE1BB /* ESCameraMultiPicScanViewController.h */,
				8433245D1A79FF52006CE1BB /* ESCameraMultiPicScanViewController.m */,
				846AD6691A7CADA7009E17D1 /* ESCameraDefine.h */,
				843ECBFC1A7D11E800969366 /* ESCameraDelegate.h */,
				8483ED601A7F8F9100219502 /* ESCameraShowSinglePicture.h */,
				8483ED611A7F8F9100219502 /* ESCameraShowSinglePicture.m */,
			);
			name = Camera;
			sourceTree = "<group>";
		};
		8460EDF71A6F5CDD007A0355 /* Section */ = {
			isa = PBXGroup;
			children = (
				8465F3791A8354DE00C74F70 /* ESSnapshootFeedback(拍照反馈) */,
				8460EDF81A6F5CE7007A0355 /* Main */,
			);
			name = Section;
			sourceTree = "<group>";
		};
		8460EDF81A6F5CE7007A0355 /* Main */ = {
			isa = PBXGroup;
			children = (
				8460EDFA1A6F5CF5007A0355 /* Controller */,
				8460EDF91A6F5CEE007A0355 /* View */,
			);
			name = Main;
			sourceTree = "<group>";
		};
		8460EDF91A6F5CEE007A0355 /* View */ = {
			isa = PBXGroup;
			children = (
				8460EDFB1A6F5D8E007A0355 /* ESMainView.h */,
				8460EDFC1A6F5D8E007A0355 /* ESMainView.m */,
			);
			name = View;
			sourceTree = "<group>";
		};
		8460EDFA1A6F5CF5007A0355 /* Controller */ = {
			isa = PBXGroup;
			children = (
			);
			name = Controller;
			sourceTree = "<group>";
		};
		8460EDFE1A6F921D007A0355 /* Util */ = {
			isa = PBXGroup;
			children = (
				840BECAD1A81C5AB00320C5D /* ESDebugLog.h */,
				8460EDFF1A6F9D1B007A0355 /* ESViewControllerUtil.h */,
				8460EE001A6F9D1B007A0355 /* ESViewControllerUtil.m */,
				849A4A151A76502600E7304F /* ESColorUtil.h */,
				849A4A161A76502600E7304F /* ESColorUtil.m */,
				8449005A1A77752400EB150B /* ESImageUtil.h */,
				8449005B1A77752400EB150B /* ESImageUtil.m */,
				8436A83F1A8B106A00D81E1A /* ESNetworkClient.h */,
				8436A8401A8B106A00D81E1A /* ESNetworkClient.m */,
			);
			name = Util;
			sourceTree = "<group>";
		};
		8465F3791A8354DE00C74F70 /* ESSnapshootFeedback(拍照反馈) */ = {
			isa = PBXGroup;
			children = (
				84B1C56B1A8A033100A77967 /* Modal */,
				840093641A889E9900DEB4A8 /* Image */,
				8465F37B1A83560A00C74F70 /* View */,
				8465F37A1A83560300C74F70 /* Controller */,
				8465F37C1A83597F00C74F70 /* ESSnapshootFeedback.storyboard */,
			);
			name = "ESSnapshootFeedback(拍照反馈)";
			sourceTree = "<group>";
		};
		8465F37A1A83560300C74F70 /* Controller */ = {
			isa = PBXGroup;
			children = (
				840093691A88BA5600DEB4A8 /* ESSnapshootFeedbackViewController.h */,
				8400936A1A88BA5600DEB4A8 /* ESSnapshootFeedbackViewController.m */,
				84B1C5671A89F74D00A77967 /* ESSnapshootDelegate.h */,
				84B1C5681A89FEAB00A77967 /* ESSnapshootThemeTableViewController.h */,
				84B1C5691A89FEAB00A77967 /* ESSnapshootThemeTableViewController.m */,
				845831621AA842ED00D9E5C0 /* ESSnapshootRecordTableViewController.h */,
				845831631AA842ED00D9E5C0 /* ESSnapshootRecordTableViewController.m */,
			);
			name = Controller;
			sourceTree = "<group>";
		};
		8465F37B1A83560A00C74F70 /* View */ = {
			isa = PBXGroup;
			children = (
				84A7D8711A8A53C8006502D3 /* ESSnapshootRecordItem.xib */,
				845966D81A8CDD75007014E9 /* ESSnapshootSubThemeTableView.h */,
				845966D91A8CDD75007014E9 /* ESSnapshootSubThemeTableView.m */,
			);
			name = View;
			sourceTree = "<group>";
		};
		84B1C56B1A8A033100A77967 /* Modal */ = {
			isa = PBXGroup;
			children = (
				84B1C56C1A8A04EF00A77967 /* ESSnapshootTheme.h */,
				84B1C56D1A8A04EF00A77967 /* ESSnapshootTheme.m */,
				847417D91A9046B200D0429C /* ESSnapshootFeedback.h */,
				847417DA1A9046B200D0429C /* ESSnapshootFeedback.m */,
			);
			name = Modal;
			sourceTree = "<group>";
		};
/* End PBXGroup section */

/* Begin PBXNativeTarget section */
		84550D8F1A6E0F1E00C1B6F1 /* CameraComponent */ = {
			isa = PBXNativeTarget;
			buildConfigurationList = 84550DB31A6E0F1E00C1B6F1 /* Build configuration list for PBXNativeTarget "CameraComponent" */;
			buildPhases = (
				84550D8C1A6E0F1E00C1B6F1 /* Sources */,
				84550D8D1A6E0F1E00C1B6F1 /* Frameworks */,
				84550D8E1A6E0F1E00C1B6F1 /* Resources */,
			);
			buildRules = (
			);
			dependencies = (
			);
			name = CameraComponent;
			productName = CameraComponent;
			productReference = 84550D901A6E0F1E00C1B6F1 /* CameraComponent.app */;
			productType = "com.apple.product-type.application";
		};
		84550DA81A6E0F1E00C1B6F1 /* CameraComponentTests */ = {
			isa = PBXNativeTarget;
			buildConfigurationList = 84550DB61A6E0F1E00C1B6F1 /* Build configuration list for PBXNativeTarget "CameraComponentTests" */;
			buildPhases = (
				84550DA51A6E0F1E00C1B6F1 /* Sources */,
				84550DA61A6E0F1E00C1B6F1 /* Frameworks */,
				84550DA71A6E0F1E00C1B6F1 /* Resources */,
			);
			buildRules = (
			);
			dependencies = (
				84550DAB1A6E0F1E00C1B6F1 /* PBXTargetDependency */,
			);
			name = CameraComponentTests;
			productName = CameraComponentTests;
			productReference = 84550DA91A6E0F1E00C1B6F1 /* CameraComponentTests.xctest */;
			productType = "com.apple.product-type.bundle.unit-test";
		};
/* End PBXNativeTarget section */

/* Begin PBXProject section */
		84550D881A6E0F1E00C1B6F1 /* Project object */ = {
			isa = PBXProject;
			attributes = {
				LastUpgradeCheck = 0610;
				ORGANIZATIONNAME = Eshore;
				TargetAttributes = {
					84550D8F1A6E0F1E00C1B6F1 = {
						CreatedOnToolsVersion = 6.1.1;
						DevelopmentTeam = V7H4E69YN3;
					};
					84550DA81A6E0F1E00C1B6F1 = {
						CreatedOnToolsVersion = 6.1.1;
						TestTargetID = 84550D8F1A6E0F1E00C1B6F1;
					};
				};
			};
			buildConfigurationList = 84550D8B1A6E0F1E00C1B6F1 /* Build configuration list for PBXProject "CameraComponent" */;
			compatibilityVersion = "Xcode 3.2";
			developmentRegion = English;
			hasScannedForEncodings = 0;
			knownRegions = (
				en,
				Base,
			);
			mainGroup = 84550D871A6E0F1E00C1B6F1;
			productRefGroup = 84550D911A6E0F1E00C1B6F1 /* Products */;
			projectDirPath = "";
			projectRoot = "";
			targets = (
				84550D8F1A6E0F1E00C1B6F1 /* CameraComponent */,
				84550DA81A6E0F1E00C1B6F1 /* CameraComponentTests */,
			);
		};
/* End PBXProject section */

/* Begin PBXResourcesBuildPhase section */
		84550D8E1A6E0F1E00C1B6F1 /* Resources */ = {
			isa = PBXResourcesBuildPhase;
			buildActionMask = 2147483647;
			files = (
				84B49BAD1A7B7EE700EE7CA5 /* cameraBtn@3x.png in Resources */,
				844900601A777E3C00EB150B /* snapshootBtn@3x.png in Resources */,
				840093671A889F3000DEB4A8 /* Describe@3x.png in Resources */,
				848BEB321A7F132E00BA578D /* delPicBtn@3x.png in Resources */,
				8449005F1A777E3C00EB150B /* photoLibraryBtn@3x.png in Resources */,
				84550D9F1A6E0F1E00C1B6F1 /* Main.storyboard in Resources */,
				8465F37D1A83597F00C74F70 /* ESSnapshootFeedback.storyboard in Resources */,
				84A7D8721A8A53C8006502D3 /* ESSnapshootRecordItem.xib in Resources */,
				846AD6651A7C8D55009E17D1 /* noOriginalPic@3x.png in Resources */,
				8433245B1A79E428006CE1BB /* backBtn@3x.png in Resources */,
				84B49BAE1A7B7EE700EE7CA5 /* noSelected@3x.png in Resources */,
				84B49BAF1A7B7EE700EE7CA5 /* selected@3x.png in Resources */,
				844A37A41A7DE0C300CACD25 /* camera@3x.png in Resources */,
				843F144C1AA6F2AE00AAA76D /* SnapshootList@3x.png in Resources */,
				84550DA41A6E0F1E00C1B6F1 /* LaunchScreen.xib in Resources */,
				840093681A889F3000DEB4A8 /* Theme@3x.png in Resources */,
				84550DA11A6E0F1E00C1B6F1 /* Images.xcassets in Resources */,
				846AD6661A7C8D55009E17D1 /* originalPic@3x.png in Resources */,
			);
			runOnlyForDeploymentPostprocessing = 0;
		};
		84550DA71A6E0F1E00C1B6F1 /* Resources */ = {
			isa = PBXResourcesBuildPhase;
			buildActionMask = 2147483647;
			files = (
			);
			runOnlyForDeploymentPostprocessing = 0;
		};
/* End PBXResourcesBuildPhase section */

/* Begin PBXSourcesBuildPhase section */
		84550D8C1A6E0F1E00C1B6F1 /* Sources */ = {
			isa = PBXSourcesBuildPhase;
			buildActionMask = 2147483647;
			files = (
				845831641AA842ED00D9E5C0 /* ESSnapshootRecordTableViewController.m in Sources */,
				8436A8411A8B106A00D81E1A /* ESNetworkClient.m in Sources */,
				840BECCA1A81ED7400320C5D /* AFURLConnectionOperation.m in Sources */,
				847417DB1A9046B200D0429C /* ESSnapshootFeedback.m in Sources */,
				84550D9C1A6E0F1E00C1B6F1 /* ViewController.m in Sources */,
				8405D5CC1A75F35500C7E3E9 /* ESCameraChoseTabView.m in Sources */,
				84B1C56E1A8A04EF00A77967 /* ESSnapshootTheme.m in Sources */,
				845966DA1A8CDD75007014E9 /* ESSnapshootSubThemeTableView.m in Sources */,
				8449005C1A77752400EB150B /* ESImageUtil.m in Sources */,
				84B1C56A1A89FEAB00A77967 /* ESSnapshootThemeTableViewController.m in Sources */,
				840BECC71A81ED7400320C5D /* AFJSONRequestOperation.m in Sources */,
				8400936B1A88BA5600DEB4A8 /* ESSnapshootFeedbackViewController.m in Sources */,
				840BECCB1A81ED7400320C5D /* AFXMLRequestOperation.m in Sources */,
				840BECC81A81ED7400320C5D /* AFNetworkActivityIndicatorManager.m in Sources */,
				8460EDFD1A6F5D8E007A0355 /* ESMainView.m in Sources */,
				84550D991A6E0F1E00C1B6F1 /* AppDelegate.m in Sources */,
				84550DBD1A6E0FCD00C1B6F1 /* ESCameraComponent.m in Sources */,
				840BECC91A81ED7400320C5D /* AFPropertyListRequestOperation.m in Sources */,
				840BECC61A81ED7400320C5D /* AFImageRequestOperation.m in Sources */,
				84956D121A75EBF100BD3CAC /* ESCameraChoseView.m in Sources */,
				84550DC21A6E2CDA00C1B6F1 /* ESCameraButton.m in Sources */,
				8483ED621A7F8F9100219502 /* ESCameraShowSinglePicture.m in Sources */,
				84550D961A6E0F1E00C1B6F1 /* main.m in Sources */,
				8460EE011A6F9D1B007A0355 /* ESViewControllerUtil.m in Sources */,
				849A4A171A76502600E7304F /* ESColorUtil.m in Sources */,
				840BECCC1A81ED7400320C5D /* UIImageView+AFNetworking.m in Sources */,
				8457076C1A7891E3005488B8 /* ESCameraPickMultiPicViewController.m in Sources */,
				8433245E1A79FF52006CE1BB /* ESCameraMultiPicScanViewController.m in Sources */,
				840BECC51A81ED7400320C5D /* AFHTTPRequestOperation.m in Sources */,
				840BECC41A81ED7400320C5D /* AFHTTPClient.m in Sources */,
				8436A8461A8B10BD00D81E1A /* GTMBase64.m in Sources */,
			);
			runOnlyForDeploymentPostprocessing = 0;
		};
		84550DA51A6E0F1E00C1B6F1 /* Sources */ = {
			isa = PBXSourcesBuildPhase;
			buildActionMask = 2147483647;
			files = (
				84550DB01A6E0F1E00C1B6F1 /* CameraComponentTests.m in Sources */,
			);
			runOnlyForDeploymentPostprocessing = 0;
		};
/* End PBXSourcesBuildPhase section */

/* Begin PBXTargetDependency section */
		84550DAB1A6E0F1E00C1B6F1 /* PBXTargetDependency */ = {
			isa = PBXTargetDependency;
			target = 84550D8F1A6E0F1E00C1B6F1 /* CameraComponent */;
			targetProxy = 84550DAA1A6E0F1E00C1B6F1 /* PBXContainerItemProxy */;
		};
/* End PBXTargetDependency section */

/* Begin PBXVariantGroup section */
		84550D9D1A6E0F1E00C1B6F1 /* Main.storyboard */ = {
			isa = PBXVariantGroup;
			children = (
				84550D9E1A6E0F1E00C1B6F1 /* Base */,
				846523FD1A779FAC00AC2423 /* zh-Hans */,
			);
			name = Main.storyboard;
			sourceTree = "<group>";
		};
		84550DA21A6E0F1E00C1B6F1 /* LaunchScreen.xib */ = {
			isa = PBXVariantGroup;
			children = (
				84550DA31A6E0F1E00C1B6F1 /* Base */,
				846523FE1A779FAD00AC2423 /* zh-Hans */,
			);
			name = LaunchScreen.xib;
			sourceTree = "<group>";
		};
/* End PBXVariantGroup section */

/* Begin XCBuildConfiguration section */
		84550DB11A6E0F1E00C1B6F1 /* Debug */ = {
			isa = XCBuildConfiguration;
			buildSettings = {
				ALWAYS_SEARCH_USER_PATHS = NO;
				CLANG_CXX_LANGUAGE_STANDARD = "gnu++0x";
				CLANG_CXX_LIBRARY = "libc++";
				CLANG_ENABLE_MODULES = YES;
				CLANG_ENABLE_OBJC_ARC = YES;
				CLANG_WARN_BOOL_CONVERSION = YES;
				CLANG_WARN_CONSTANT_CONVERSION = YES;
				CLANG_WARN_DIRECT_OBJC_ISA_USAGE = YES_ERROR;
				CLANG_WARN_EMPTY_BODY = YES;
				CLANG_WARN_ENUM_CONVERSION = YES;
				CLANG_WARN_INT_CONVERSION = YES;
				CLANG_WARN_OBJC_ROOT_CLASS = YES_ERROR;
				CLANG_WARN_UNREACHABLE_CODE = YES;
				CLANG_WARN__DUPLICATE_METHOD_MATCH = YES;
				"CODE_SIGN_IDENTITY[sdk=iphoneos*]" = "iPhone Developer";
				COPY_PHASE_STRIP = NO;
				ENABLE_STRICT_OBJC_MSGSEND = YES;
				GCC_C_LANGUAGE_STANDARD = gnu99;
				GCC_DYNAMIC_NO_PIC = NO;
				GCC_OPTIMIZATION_LEVEL = 0;
				GCC_PREPROCESSOR_DEFINITIONS = (
					"DEBUG=1",
					"$(inherited)",
				);
				GCC_SYMBOLS_PRIVATE_EXTERN = NO;
				GCC_WARN_64_TO_32_BIT_CONVERSION = YES;
				GCC_WARN_ABOUT_RETURN_TYPE = YES_ERROR;
				GCC_WARN_UNDECLARED_SELECTOR = YES;
				GCC_WARN_UNINITIALIZED_AUTOS = YES_AGGRESSIVE;
				GCC_WARN_UNUSED_FUNCTION = YES;
				GCC_WARN_UNUSED_VARIABLE = YES;
				IPHONEOS_DEPLOYMENT_TARGET = 6.0;
				MTL_ENABLE_DEBUG_INFO = YES;
				ONLY_ACTIVE_ARCH = YES;
				SDKROOT = iphoneos;
			};
			name = Debug;
		};
		84550DB21A6E0F1E00C1B6F1 /* Release */ = {
			isa = XCBuildConfiguration;
			buildSettings = {
				ALWAYS_SEARCH_USER_PATHS = NO;
				CLANG_CXX_LANGUAGE_STANDARD = "gnu++0x";
				CLANG_CXX_LIBRARY = "libc++";
				CLANG_ENABLE_MODULES = YES;
				CLANG_ENABLE_OBJC_ARC = YES;
				CLANG_WARN_BOOL_CONVERSION = YES;
				CLANG_WARN_CONSTANT_CONVERSION = YES;
				CLANG_WARN_DIRECT_OBJC_ISA_USAGE = YES_ERROR;
				CLANG_WARN_EMPTY_BODY = YES;
				CLANG_WARN_ENUM_CONVERSION = YES;
				CLANG_WARN_INT_CONVERSION = YES;
				CLANG_WARN_OBJC_ROOT_CLASS = YES_ERROR;
				CLANG_WARN_UNREACHABLE_CODE = YES;
				CLANG_WARN__DUPLICATE_METHOD_MATCH = YES;
				"CODE_SIGN_IDENTITY[sdk=iphoneos*]" = "iPhone Developer";
				COPY_PHASE_STRIP = YES;
				ENABLE_NS_ASSERTIONS = NO;
				ENABLE_STRICT_OBJC_MSGSEND = YES;
				GCC_C_LANGUAGE_STANDARD = gnu99;
				GCC_WARN_64_TO_32_BIT_CONVERSION = YES;
				GCC_WARN_ABOUT_RETURN_TYPE = YES_ERROR;
				GCC_WARN_UNDECLARED_SELECTOR = YES;
				GCC_WARN_UNINITIALIZED_AUTOS = YES_AGGRESSIVE;
				GCC_WARN_UNUSED_FUNCTION = YES;
				GCC_WARN_UNUSED_VARIABLE = YES;
				IPHONEOS_DEPLOYMENT_TARGET = 6.0;
				MTL_ENABLE_DEBUG_INFO = NO;
				SDKROOT = iphoneos;
				VALIDATE_PRODUCT = YES;
			};
			name = Release;
		};
		84550DB41A6E0F1E00C1B6F1 /* Debug */ = {
			isa = XCBuildConfiguration;
			buildSettings = {
				ASSETCATALOG_COMPILER_APPICON_NAME = AppIcon;
				CODE_SIGN_IDENTITY = "iPhone Developer";
				INFOPLIST_FILE = CameraComponent/Info.plist;
				LD_RUNPATH_SEARCH_PATHS = "$(inherited) @executable_path/Frameworks";
				PRODUCT_NAME = "$(TARGET_NAME)";
			};
			name = Debug;
		};
		84550DB51A6E0F1E00C1B6F1 /* Release */ = {
			isa = XCBuildConfiguration;
			buildSettings = {
				ASSETCATALOG_COMPILER_APPICON_NAME = AppIcon;
				CODE_SIGN_IDENTITY = "iPhone Developer";
				INFOPLIST_FILE = CameraComponent/Info.plist;
				LD_RUNPATH_SEARCH_PATHS = "$(inherited) @executable_path/Frameworks";
				PRODUCT_NAME = "$(TARGET_NAME)";
			};
			name = Release;
		};
		84550DB71A6E0F1E00C1B6F1 /* Debug */ = {
			isa = XCBuildConfiguration;
			buildSettings = {
				BUNDLE_LOADER = "$(TEST_HOST)";
				FRAMEWORK_SEARCH_PATHS = (
					"$(SDKROOT)/Developer/Library/Frameworks",
					"$(inherited)",
				);
				GCC_PREPROCESSOR_DEFINITIONS = (
					"DEBUG=1",
					"$(inherited)",
				);
				INFOPLIST_FILE = CameraComponentTests/Info.plist;
				LD_RUNPATH_SEARCH_PATHS = "$(inherited) @executable_path/Frameworks @loader_path/Frameworks";
				PRODUCT_NAME = "$(TARGET_NAME)";
				TEST_HOST = "$(BUILT_PRODUCTS_DIR)/CameraComponent.app/CameraComponent";
			};
			name = Debug;
		};
		84550DB81A6E0F1E00C1B6F1 /* Release */ = {
			isa = XCBuildConfiguration;
			buildSettings = {
				BUNDLE_LOADER = "$(TEST_HOST)";
				FRAMEWORK_SEARCH_PATHS = (
					"$(SDKROOT)/Developer/Library/Frameworks",
					"$(inherited)",
				);
				INFOPLIST_FILE = CameraComponentTests/Info.plist;
				LD_RUNPATH_SEARCH_PATHS = "$(inherited) @executable_path/Frameworks @loader_path/Frameworks";
				PRODUCT_NAME = "$(TARGET_NAME)";
				TEST_HOST = "$(BUILT_PRODUCTS_DIR)/CameraComponent.app/CameraComponent";
			};
			name = Release;
		};
/* End XCBuildConfiguration section */

/* Begin XCConfigurationList section */
		84550D8B1A6E0F1E00C1B6F1 /* Build configuration list for PBXProject "CameraComponent" */ = {
			isa = XCConfigurationList;
			buildConfigurations = (
				84550DB11A6E0F1E00C1B6F1 /* Debug */,
				84550DB21A6E0F1E00C1B6F1 /* Release */,
			);
			defaultConfigurationIsVisible = 0;
			defaultConfigurationName = Release;
		};
		84550DB31A6E0F1E00C1B6F1 /* Build configuration list for PBXNativeTarget "CameraComponent" */ = {
			isa = XCConfigurationList;
			buildConfigurations = (
				84550DB41A6E0F1E00C1B6F1 /* Debug */,
				84550DB51A6E0F1E00C1B6F1 /* Release */,
			);
			defaultConfigurationIsVisible = 0;
			defaultConfigurationName = Release;
		};
		84550DB61A6E0F1E00C1B6F1 /* Build configuration list for PBXNativeTarget "CameraComponentTests" */ = {
			isa = XCConfigurationList;
			buildConfigurations = (
				84550DB71A6E0F1E00C1B6F1 /* Debug */,
				84550DB81A6E0F1E00C1B6F1 /* Release */,
			);
			defaultConfigurationIsVisible = 0;
			defaultConfigurationName = Release;
		};
/* End XCConfigurationList section */
	};
	rootObject = 84550D881A6E0F1E00C1B6F1 /* Project object */;
}
