// !$*UTF8*$!
{
	archiveVersion = 1;
	classes = {
	};
	objectVersion = 46;
	objects = {

/* Begin PBXBuildFile section */
		843A68D51A5E2CDF00B05B2D /* Foundation.framework in Frameworks */ = {isa = PBXBuildFile; fileRef = 843A68D41A5E2CDF00B05B2D /* Foundation.framework */; };
		843A68D71A5E2CDF00B05B2D /* CoreGraphics.framework in Frameworks */ = {isa = PBXBuildFile; fileRef = 843A68D61A5E2CDF00B05B2D /* CoreGraphics.framework */; };
		843A68D91A5E2CDF00B05B2D /* UIKit.framework in Frameworks */ = {isa = PBXBuildFile; fileRef = 843A68D81A5E2CDF00B05B2D /* UIKit.framework */; };
		843A68DF1A5E2CDF00B05B2D /* InfoPlist.strings in Resources */ = {isa = PBXBuildFile; fileRef = 843A68DD1A5E2CDF00B05B2D /* InfoPlist.strings */; };
		843A68E11A5E2CDF00B05B2D /* main.m in Sources */ = {isa = PBXBuildFile; fileRef = 843A68E01A5E2CDF00B05B2D /* main.m */; };
		843A68E51A5E2CDF00B05B2D /* SEAppDelegate.m in Sources */ = {isa = PBXBuildFile; fileRef = 843A68E41A5E2CDF00B05B2D /* SEAppDelegate.m */; };
		843A68E81A5E2CDF00B05B2D /* Main.storyboard in Resources */ = {isa = PBXBuildFile; fileRef = 843A68E61A5E2CDF00B05B2D /* Main.storyboard */; };
		843A68EB1A5E2CDF00B05B2D /* SEViewController.m in Sources */ = {isa = PBXBuildFile; fileRef = 843A68EA1A5E2CDF00B05B2D /* SEViewController.m */; };
		843A68ED1A5E2CDF00B05B2D /* Images.xcassets in Resources */ = {isa = PBXBuildFile; fileRef = 843A68EC1A5E2CDF00B05B2D /* Images.xcassets */; };
		843A68F41A5E2CDF00B05B2D /* XCTest.framework in Frameworks */ = {isa = PBXBuildFile; fileRef = 843A68F31A5E2CDF00B05B2D /* XCTest.framework */; };
		843A68F51A5E2CDF00B05B2D /* Foundation.framework in Frameworks */ = {isa = PBXBuildFile; fileRef = 843A68D41A5E2CDF00B05B2D /* Foundation.framework */; };
		843A68F61A5E2CDF00B05B2D /* UIKit.framework in Frameworks */ = {isa = PBXBuildFile; fileRef = 843A68D81A5E2CDF00B05B2D /* UIKit.framework */; };
		843A68FE1A5E2CDF00B05B2D /* InfoPlist.strings in Resources */ = {isa = PBXBuildFile; fileRef = 843A68FC1A5E2CDF00B05B2D /* InfoPlist.strings */; };
		843A69001A5E2CDF00B05B2D /* CameraTests.m in Sources */ = {isa = PBXBuildFile; fileRef = 843A68FF1A5E2CDF00B05B2D /* CameraTests.m */; };
/* End PBXBuildFile section */

/* Begin PBXContainerItemProxy section */
		843A68F71A5E2CDF00B05B2D /* PBXContainerItemProxy */ = {
			isa = PBXContainerItemProxy;
			containerPortal = 843A68C91A5E2CDF00B05B2D /* Project object */;
			proxyType = 1;
			remoteGlobalIDString = 843A68D01A5E2CDF00B05B2D;
			remoteInfo = Camera;
		};
/* End PBXContainerItemProxy section */

/* Begin PBXFileReference section */
		843A68D11A5E2CDF00B05B2D /* Camera.app */ = {isa = PBXFileReference; explicitFileType = wrapper.application; includeInIndex = 0; path = Camera.app; sourceTree = BUILT_PRODUCTS_DIR; };
		843A68D41A5E2CDF00B05B2D /* Foundation.framework */ = {isa = PBXFileReference; lastKnownFileType = wrapper.framework; name = Foundation.framework; path = System/Library/Frameworks/Foundation.framework; sourceTree = SDKROOT; };
		843A68D61A5E2CDF00B05B2D /* CoreGraphics.framework */ = {isa = PBXFileReference; lastKnownFileType = wrapper.framework; name = CoreGraphics.framework; path = System/Library/Frameworks/CoreGraphics.framework; sourceTree = SDKROOT; };
		843A68D81A5E2CDF00B05B2D /* UIKit.framework */ = {isa = PBXFileReference; lastKnownFileType = wrapper.framework; name = UIKit.framework; path = System/Library/Frameworks/UIKit.framework; sourceTree = SDKROOT; };
		843A68DC1A5E2CDF00B05B2D /* Camera-Info.plist */ = {isa = PBXFileReference; lastKnownFileType = text.plist.xml; path = "Camera-Info.plist"; sourceTree = "<group>"; };
		843A68DE1A5E2CDF00B05B2D /* en */ = {isa = PBXFileReference; lastKnownFileType = text.plist.strings; name = en; path = en.lproj/InfoPlist.strings; sourceTree = "<group>"; };
		843A68E01A5E2CDF00B05B2D /* main.m */ = {isa = PBXFileReference; lastKnownFileType = sourcecode.c.objc; path = main.m; sourceTree = "<group>"; };
		843A68E21A5E2CDF00B05B2D /* Camera-Prefix.pch */ = {isa = PBXFileReference; lastKnownFileType = sourcecode.c.h; path = "Camera-Prefix.pch"; sourceTree = "<group>"; };
		843A68E31A5E2CDF00B05B2D /* SEAppDelegate.h */ = {isa = PBXFileReference; lastKnownFileType = sourcecode.c.h; path = SEAppDelegate.h; sourceTree = "<group>"; };
		843A68E41A5E2CDF00B05B2D /* SEAppDelegate.m */ = {isa = PBXFileReference; lastKnownFileType = sourcecode.c.objc; path = SEAppDelegate.m; sourceTree = "<group>"; };
		843A68E71A5E2CDF00B05B2D /* Base */ = {isa = PBXFileReference; lastKnownFileType = file.storyboard; name = Base; path = Base.lproj/Main.storyboard; sourceTree = "<group>"; };
		843A68E91A5E2CDF00B05B2D /* SEViewController.h */ = {isa = PBXFileReference; lastKnownFileType = sourcecode.c.h; path = SEViewController.h; sourceTree = "<group>"; };
		843A68EA1A5E2CDF00B05B2D /* SEViewController.m */ = {isa = PBXFileReference; lastKnownFileType = sourcecode.c.objc; path = SEViewController.m; sourceTree = "<group>"; };
		843A68EC1A5E2CDF00B05B2D /* Images.xcassets */ = {isa = PBXFileReference; lastKnownFileType = folder.assetcatalog; path = Images.xcassets; sourceTree = "<group>"; };
		843A68F21A5E2CDF00B05B2D /* CameraTests.xctest */ = {isa = PBXFileReference; explicitFileType = wrapper.cfbundle; includeInIndex = 0; path = CameraTests.xctest; sourceTree = BUILT_PRODUCTS_DIR; };
		843A68F31A5E2CDF00B05B2D /* XCTest.framework */ = {isa = PBXFileReference; lastKnownFileType = wrapper.framework; name = XCTest.framework; path = Library/Frameworks/XCTest.framework; sourceTree = DEVELOPER_DIR; };
		843A68FB1A5E2CDF00B05B2D /* CameraTests-Info.plist */ = {isa = PBXFileReference; lastKnownFileType = text.plist.xml; path = "CameraTests-Info.plist"; sourceTree = "<group>"; };
		843A68FD1A5E2CDF00B05B2D /* en */ = {isa = PBXFileReference; lastKnownFileType = text.plist.strings; name = en; path = en.lproj/InfoPlist.strings; sourceTree = "<group>"; };
		843A68FF1A5E2CDF00B05B2D /* CameraTests.m */ = {isa = PBXFileReference; lastKnownFileType = sourcecode.c.objc; path = CameraTests.m; sourceTree = "<group>"; };
/* End PBXFileReference section */

/* Begin PBXFrameworksBuildPhase section */
		843A68CE1A5E2CDF00B05B2D /* Frameworks */ = {
			isa = PBXFrameworksBuildPhase;
			buildActionMask = 2147483647;
			files = (
				843A68D71A5E2CDF00B05B2D /* CoreGraphics.framework in Frameworks */,
				843A68D91A5E2CDF00B05B2D /* UIKit.framework in Frameworks */,
				843A68D51A5E2CDF00B05B2D /* Foundation.framework in Frameworks */,
			);
			runOnlyForDeploymentPostprocessing = 0;
		};
		843A68EF1A5E2CDF00B05B2D /* Frameworks */ = {
			isa = PBXFrameworksBuildPhase;
			buildActionMask = 2147483647;
			files = (
				843A68F41A5E2CDF00B05B2D /* XCTest.framework in Frameworks */,
				843A68F61A5E2CDF00B05B2D /* UIKit.framework in Frameworks */,
				843A68F51A5E2CDF00B05B2D /* Foundation.framework in Frameworks */,
			);
			runOnlyForDeploymentPostprocessing = 0;
		};
/* End PBXFrameworksBuildPhase section */

/* Begin PBXGroup section */
		843A68C81A5E2CDF00B05B2D = {
			isa = PBXGroup;
			children = (
				843A68DA1A5E2CDF00B05B2D /* Camera */,
				843A68F91A5E2CDF00B05B2D /* CameraTests */,
				843A68D31A5E2CDF00B05B2D /* Frameworks */,
				843A68D21A5E2CDF00B05B2D /* Products */,
			);
			sourceTree = "<group>";
		};
		843A68D21A5E2CDF00B05B2D /* Products */ = {
			isa = PBXGroup;
			children = (
				843A68D11A5E2CDF00B05B2D /* Camera.app */,
				843A68F21A5E2CDF00B05B2D /* CameraTests.xctest */,
			);
			name = Products;
			sourceTree = "<group>";
		};
		843A68D31A5E2CDF00B05B2D /* Frameworks */ = {
			isa = PBXGroup;
			children = (
				843A68D41A5E2CDF00B05B2D /* Foundation.framework */,
				843A68D61A5E2CDF00B05B2D /* CoreGraphics.framework */,
				843A68D81A5E2CDF00B05B2D /* UIKit.framework */,
				843A68F31A5E2CDF00B05B2D /* XCTest.framework */,
			);
			name = Frameworks;
			sourceTree = "<group>";
		};
		843A68DA1A5E2CDF00B05B2D /* Camera */ = {
			isa = PBXGroup;
			children = (
				843A68E31A5E2CDF00B05B2D /* SEAppDelegate.h */,
				843A68E41A5E2CDF00B05B2D /* SEAppDelegate.m */,
				843A68E61A5E2CDF00B05B2D /* Main.storyboard */,
				843A68E91A5E2CDF00B05B2D /* SEViewController.h */,
				843A68EA1A5E2CDF00B05B2D /* SEViewController.m */,
				843A68EC1A5E2CDF00B05B2D /* Images.xcassets */,
				843A68DB1A5E2CDF00B05B2D /* Supporting Files */,
			);
			path = Camera;
			sourceTree = "<group>";
		};
		843A68DB1A5E2CDF00B05B2D /* Supporting Files */ = {
			isa = PBXGroup;
			children = (
				843A68DC1A5E2CDF00B05B2D /* Camera-Info.plist */,
				843A68DD1A5E2CDF00B05B2D /* InfoPlist.strings */,
				843A68E01A5E2CDF00B05B2D /* main.m */,
				843A68E21A5E2CDF00B05B2D /* Camera-Prefix.pch */,
			);
			name = "Supporting Files";
			sourceTree = "<group>";
		};
		843A68F91A5E2CDF00B05B2D /* CameraTests */ = {
			isa = PBXGroup;
			children = (
				843A68FF1A5E2CDF00B05B2D /* CameraTests.m */,
				843A68FA1A5E2CDF00B05B2D /* Supporting Files */,
			);
			path = CameraTests;
			sourceTree = "<group>";
		};
		843A68FA1A5E2CDF00B05B2D /* Supporting Files */ = {
			isa = PBXGroup;
			children = (
				843A68FB1A5E2CDF00B05B2D /* CameraTests-Info.plist */,
				843A68FC1A5E2CDF00B05B2D /* InfoPlist.strings */,
			);
			name = "Supporting Files";
			sourceTree = "<group>";
		};
/* End PBXGroup section */

/* Begin PBXNativeTarget section */
		843A68D01A5E2CDF00B05B2D /* Camera */ = {
			isa = PBXNativeTarget;
			buildConfigurationList = 843A69031A5E2CDF00B05B2D /* Build configuration list for PBXNativeTarget "Camera" */;
			buildPhases = (
				843A68CD1A5E2CDF00B05B2D /* Sources */,
				843A68CE1A5E2CDF00B05B2D /* Frameworks */,
				843A68CF1A5E2CDF00B05B2D /* Resources */,
			);
			buildRules = (
			);
			dependencies = (
			);
			name = Camera;
			productName = Camera;
			productReference = 843A68D11A5E2CDF00B05B2D /* Camera.app */;
			productType = "com.apple.product-type.application";
		};
		843A68F11A5E2CDF00B05B2D /* CameraTests */ = {
			isa = PBXNativeTarget;
			buildConfigurationList = 843A69061A5E2CDF00B05B2D /* Build configuration list for PBXNativeTarget "CameraTests" */;
			buildPhases = (
				843A68EE1A5E2CDF00B05B2D /* Sources */,
				843A68EF1A5E2CDF00B05B2D /* Frameworks */,
				843A68F01A5E2CDF00B05B2D /* Resources */,
			);
			buildRules = (
			);
			dependencies = (
				843A68F81A5E2CDF00B05B2D /* PBXTargetDependency */,
			);
			name = CameraTests;
			productName = CameraTests;
			productReference = 843A68F21A5E2CDF00B05B2D /* CameraTests.xctest */;
			productType = "com.apple.product-type.bundle.unit-test";
		};
/* End PBXNativeTarget section */

/* Begin PBXProject section */
		843A68C91A5E2CDF00B05B2D /* Project object */ = {
			isa = PBXProject;
			attributes = {
				CLASSPREFIX = SE;
				LastUpgradeCheck = 0510;
				ORGANIZATIONNAME = Eagle;
				TargetAttributes = {
					843A68F11A5E2CDF00B05B2D = {
						TestTargetID = 843A68D01A5E2CDF00B05B2D;
					};
				};
			};
			buildConfigurationList = 843A68CC1A5E2CDF00B05B2D /* Build configuration list for PBXProject "Camera" */;
			compatibilityVersion = "Xcode 3.2";
			developmentRegion = English;
			hasScannedForEncodings = 0;
			knownRegions = (
				en,
				Base,
			);
			mainGroup = 843A68C81A5E2CDF00B05B2D;
			productRefGroup = 843A68D21A5E2CDF00B05B2D /* Products */;
			projectDirPath = "";
			projectRoot = "";
			targets = (
				843A68D01A5E2CDF00B05B2D /* Camera */,
				843A68F11A5E2CDF00B05B2D /* CameraTests */,
			);
		};
/* End PBXProject section */

/* Begin PBXResourcesBuildPhase section */
		843A68CF1A5E2CDF00B05B2D /* Resources */ = {
			isa = PBXResourcesBuildPhase;
			buildActionMask = 2147483647;
			files = (
				843A68ED1A5E2CDF00B05B2D /* Images.xcassets in Resources */,
				843A68DF1A5E2CDF00B05B2D /* InfoPlist.strings in Resources */,
				843A68E81A5E2CDF00B05B2D /* Main.storyboard in Resources */,
			);
			runOnlyForDeploymentPostprocessing = 0;
		};
		843A68F01A5E2CDF00B05B2D /* Resources */ = {
			isa = PBXResourcesBuildPhase;
			buildActionMask = 2147483647;
			files = (
				843A68FE1A5E2CDF00B05B2D /* InfoPlist.strings in Resources */,
			);
			runOnlyForDeploymentPostprocessing = 0;
		};
/* End PBXResourcesBuildPhase section */

/* Begin PBXSourcesBuildPhase section */
		843A68CD1A5E2CDF00B05B2D /* Sources */ = {
			isa = PBXSourcesBuildPhase;
			buildActionMask = 2147483647;
			files = (
				843A68E51A5E2CDF00B05B2D /* SEAppDelegate.m in Sources */,
				843A68EB1A5E2CDF00B05B2D /* SEViewController.m in Sources */,
				843A68E11A5E2CDF00B05B2D /* main.m in Sources */,
			);
			runOnlyForDeploymentPostprocessing = 0;
		};
		843A68EE1A5E2CDF00B05B2D /* Sources */ = {
			isa = PBXSourcesBuildPhase;
			buildActionMask = 2147483647;
			files = (
				843A69001A5E2CDF00B05B2D /* CameraTests.m in Sources */,
			);
			runOnlyForDeploymentPostprocessing = 0;
		};
/* End PBXSourcesBuildPhase section */

/* Begin PBXTargetDependency section */
		843A68F81A5E2CDF00B05B2D /* PBXTargetDependency */ = {
			isa = PBXTargetDependency;
			target = 843A68D01A5E2CDF00B05B2D /* Camera */;
			targetProxy = 843A68F71A5E2CDF00B05B2D /* PBXContainerItemProxy */;
		};
/* End PBXTargetDependency section */

/* Begin PBXVariantGroup section */
		843A68DD1A5E2CDF00B05B2D /* InfoPlist.strings */ = {
			isa = PBXVariantGroup;
			children = (
				843A68DE1A5E2CDF00B05B2D /* en */,
			);
			name = InfoPlist.strings;
			sourceTree = "<group>";
		};
		843A68E61A5E2CDF00B05B2D /* Main.storyboard */ = {
			isa = PBXVariantGroup;
			children = (
				843A68E71A5E2CDF00B05B2D /* Base */,
			);
			name = Main.storyboard;
			sourceTree = "<group>";
		};
		843A68FC1A5E2CDF00B05B2D /* InfoPlist.strings */ = {
			isa = PBXVariantGroup;
			children = (
				843A68FD1A5E2CDF00B05B2D /* en */,
			);
			name = InfoPlist.strings;
			sourceTree = "<group>";
		};
/* End PBXVariantGroup section */

/* Begin XCBuildConfiguration section */
		843A69011A5E2CDF00B05B2D /* Debug */ = {
			isa = XCBuildConfiguration;
			buildSettings = {
				ALWAYS_SEARCH_USER_PATHS = NO;
				CLANG_CXX_LANGUAGE_STANDARD = "gnu++0x";
				CLANG_CXX_LIBRARY = "libc++";
				CLANG_ENABLE_MODULES = YES;
				CLANG_ENABLE_OBJC_ARC = YES;
				CLANG_WARN_BOOL_CONVERSION = YES;
				CLANG_WARN_CONSTANT_CONVERSION = YES;
				CLANG_WARN_DIRECT_OBJC_ISA_USAGE = YES_ERROR;
				CLANG_WARN_EMPTY_BODY = YES;
				CLANG_WARN_ENUM_CONVERSION = YES;
				CLANG_WARN_INT_CONVERSION = YES;
				CLANG_WARN_OBJC_ROOT_CLASS = YES_ERROR;
				CLANG_WARN__DUPLICATE_METHOD_MATCH = YES;
				"CODE_SIGN_IDENTITY[sdk=iphoneos*]" = "iPhone Developer";
				COPY_PHASE_STRIP = NO;
				GCC_C_LANGUAGE_STANDARD = gnu99;
				GCC_DYNAMIC_NO_PIC = NO;
				GCC_OPTIMIZATION_LEVEL = 0;
				GCC_PREPROCESSOR_DEFINITIONS = (
					"DEBUG=1",
					"$(inherited)",
				);
				GCC_SYMBOLS_PRIVATE_EXTERN = NO;
				GCC_WARN_64_TO_32_BIT_CONVERSION = YES;
				GCC_WARN_ABOUT_RETURN_TYPE = YES_ERROR;
				GCC_WARN_UNDECLARED_SELECTOR = YES;
				GCC_WARN_UNINITIALIZED_AUTOS = YES_AGGRESSIVE;
				GCC_WARN_UNUSED_FUNCTION = YES;
				GCC_WARN_UNUSED_VARIABLE = YES;
				IPHONEOS_DEPLOYMENT_TARGET = 7.1;
				ONLY_ACTIVE_ARCH = YES;
				SDKROOT = iphoneos;
			};
			name = Debug;
		};
		843A69021A5E2CDF00B05B2D /* Release */ = {
			isa = XCBuildConfiguration;
			buildSettings = {
				ALWAYS_SEARCH_USER_PATHS = NO;
				CLANG_CXX_LANGUAGE_STANDARD = "gnu++0x";
				CLANG_CXX_LIBRARY = "libc++";
				CLANG_ENABLE_MODULES = YES;
				CLANG_ENABLE_OBJC_ARC = YES;
				CLANG_WARN_BOOL_CONVERSION = YES;
				CLANG_WARN_CONSTANT_CONVERSION = YES;
				CLANG_WARN_DIRECT_OBJC_ISA_USAGE = YES_ERROR;
				CLANG_WARN_EMPTY_BODY = YES;
				CLANG_WARN_ENUM_CONVERSION = YES;
				CLANG_WARN_INT_CONVERSION = YES;
				CLANG_WARN_OBJC_ROOT_CLASS = YES_ERROR;
				CLANG_WARN__DUPLICATE_METHOD_MATCH = YES;
				"CODE_SIGN_IDENTITY[sdk=iphoneos*]" = "iPhone Developer";
				COPY_PHASE_STRIP = YES;
				ENABLE_NS_ASSERTIONS = NO;
				GCC_C_LANGUAGE_STANDARD = gnu99;
				GCC_WARN_64_TO_32_BIT_CONVERSION = YES;
				GCC_WARN_ABOUT_RETURN_TYPE = YES_ERROR;
				GCC_WARN_UNDECLARED_SELECTOR = YES;
				GCC_WARN_UNINITIALIZED_AUTOS = YES_AGGRESSIVE;
				GCC_WARN_UNUSED_FUNCTION = YES;
				GCC_WARN_UNUSED_VARIABLE = YES;
				IPHONEOS_DEPLOYMENT_TARGET = 7.1;
				SDKROOT = iphoneos;
				VALIDATE_PRODUCT = YES;
			};
			name = Release;
		};
		843A69041A5E2CDF00B05B2D /* Debug */ = {
			isa = XCBuildConfiguration;
			buildSettings = {
				ASSETCATALOG_COMPILER_APPICON_NAME = AppIcon;
				ASSETCATALOG_COMPILER_LAUNCHIMAGE_NAME = LaunchImage;
				GCC_PRECOMPILE_PREFIX_HEADER = YES;
				GCC_PREFIX_HEADER = "Camera/Camera-Prefix.pch";
				INFOPLIST_FILE = "Camera/Camera-Info.plist";
				PRODUCT_NAME = "$(TARGET_NAME)";
				WRAPPER_EXTENSION = app;
			};
			name = Debug;
		};
		843A69051A5E2CDF00B05B2D /* Release */ = {
			isa = XCBuildConfiguration;
			buildSettings = {
				ASSETCATALOG_COMPILER_APPICON_NAME = AppIcon;
				ASSETCATALOG_COMPILER_LAUNCHIMAGE_NAME = LaunchImage;
				GCC_PRECOMPILE_PREFIX_HEADER = YES;
				GCC_PREFIX_HEADER = "Camera/Camera-Prefix.pch";
				INFOPLIST_FILE = "Camera/Camera-Info.plist";
				PRODUCT_NAME = "$(TARGET_NAME)";
				WRAPPER_EXTENSION = app;
			};
			name = Release;
		};
		843A69071A5E2CDF00B05B2D /* Debug */ = {
			isa = XCBuildConfiguration;
			buildSettings = {
				BUNDLE_LOADER = "$(BUILT_PRODUCTS_DIR)/Camera.app/Camera";
				FRAMEWORK_SEARCH_PATHS = (
					"$(SDKROOT)/Developer/Library/Frameworks",
					"$(inherited)",
					"$(DEVELOPER_FRAMEWORKS_DIR)",
				);
				GCC_PRECOMPILE_PREFIX_HEADER = YES;
				GCC_PREFIX_HEADER = "Camera/Camera-Prefix.pch";
				GCC_PREPROCESSOR_DEFINITIONS = (
					"DEBUG=1",
					"$(inherited)",
				);
				INFOPLIST_FILE = "CameraTests/CameraTests-Info.plist";
				PRODUCT_NAME = "$(TARGET_NAME)";
				TEST_HOST = "$(BUNDLE_LOADER)";
				WRAPPER_EXTENSION = xctest;
			};
			name = Debug;
		};
		843A69081A5E2CDF00B05B2D /* Release */ = {
			isa = XCBuildConfiguration;
			buildSettings = {
				BUNDLE_LOADER = "$(BUILT_PRODUCTS_DIR)/Camera.app/Camera";
				FRAMEWORK_SEARCH_PATHS = (
					"$(SDKROOT)/Developer/Library/Frameworks",
					"$(inherited)",
					"$(DEVELOPER_FRAMEWORKS_DIR)",
				);
				GCC_PRECOMPILE_PREFIX_HEADER = YES;
				GCC_PREFIX_HEADER = "Camera/Camera-Prefix.pch";
				INFOPLIST_FILE = "CameraTests/CameraTests-Info.plist";
				PRODUCT_NAME = "$(TARGET_NAME)";
				TEST_HOST = "$(BUNDLE_LOADER)";
				WRAPPER_EXTENSION = xctest;
			};
			name = Release;
		};
/* End XCBuildConfiguration section */

/* Begin XCConfigurationList section */
		843A68CC1A5E2CDF00B05B2D /* Build configuration list for PBXProject "Camera" */ = {
			isa = XCConfigurationList;
			buildConfigurations = (
				843A69011A5E2CDF00B05B2D /* Debug */,
				843A69021A5E2CDF00B05B2D /* Release */,
			);
			defaultConfigurationIsVisible = 0;
			defaultConfigurationName = Release;
		};
		843A69031A5E2CDF00B05B2D /* Build configuration list for PBXNativeTarget "Camera" */ = {
			isa = XCConfigurationList;
			buildConfigurations = (
				843A69041A5E2CDF00B05B2D /* Debug */,
				843A69051A5E2CDF00B05B2D /* Release */,
			);
			defaultConfigurationIsVisible = 0;
		};
		843A69061A5E2CDF00B05B2D /* Build configuration list for PBXNativeTarget "CameraTests" */ = {
			isa = XCConfigurationList;
			buildConfigurations = (
				843A69071A5E2CDF00B05B2D /* Debug */,
				843A69081A5E2CDF00B05B2D /* Release */,
			);
			defaultConfigurationIsVisible = 0;
		};
/* End XCConfigurationList section */
	};
	rootObject = 843A68C91A5E2CDF00B05B2D /* Project object */;
}
